// !$*UTF8*$!
{
	archiveVersion = 1;
	classes = {
	};
	objectVersion = 51;
	objects = {

/* Begin PBXBuildFile section */
		529FAE97EACDB52A86614257 /* Pods_Fractionverter_FractionverterUITests.framework in Frameworks */ = {isa = PBXBuildFile; fileRef = D27F2AF00E9303605563AB12 /* Pods_Fractionverter_FractionverterUITests.framework */; };
		73367CC7A066ABDF5E9E94CC /* Pods_FractionverterTests.framework in Frameworks */ = {isa = PBXBuildFile; fileRef = 0ACA1EC9E74AB2BB83D0494A /* Pods_FractionverterTests.framework */; };
		96183F6E252C108000C163E7 /* AppDelegate.swift in Sources */ = {isa = PBXBuildFile; fileRef = 96183F6D252C108000C163E7 /* AppDelegate.swift */; };
		96183F70252C108000C163E7 /* SceneDelegate.swift in Sources */ = {isa = PBXBuildFile; fileRef = 96183F6F252C108000C163E7 /* SceneDelegate.swift */; };
		96183F72252C108000C163E7 /* ViewController.swift in Sources */ = {isa = PBXBuildFile; fileRef = 96183F71252C108000C163E7 /* ViewController.swift */; };
		96183F75252C108000C163E7 /* Main.storyboard in Resources */ = {isa = PBXBuildFile; fileRef = 96183F73252C108000C163E7 /* Main.storyboard */; };
		96183F78252C108000C163E7 /* Fractionverter.xcdatamodeld in Sources */ = {isa = PBXBuildFile; fileRef = 96183F76252C108000C163E7 /* Fractionverter.xcdatamodeld */; };
		96183F7A252C108200C163E7 /* Assets.xcassets in Resources */ = {isa = PBXBuildFile; fileRef = 96183F79252C108200C163E7 /* Assets.xcassets */; };
		96183F7D252C108200C163E7 /* LaunchScreen.storyboard in Resources */ = {isa = PBXBuildFile; fileRef = 96183F7B252C108200C163E7 /* LaunchScreen.storyboard */; };
		96183F88252C108200C163E7 /* FractionverterTests.swift in Sources */ = {isa = PBXBuildFile; fileRef = 96183F87252C108200C163E7 /* FractionverterTests.swift */; };
		96183F93252C108200C163E7 /* FractionverterUITests.swift in Sources */ = {isa = PBXBuildFile; fileRef = 96183F92252C108200C163E7 /* FractionverterUITests.swift */; };
		D9F61BDE625C73EECA5552D9 /* Pods_Fractionverter.framework in Frameworks */ = {isa = PBXBuildFile; fileRef = 324918495E81812A405236CB /* Pods_Fractionverter.framework */; };
/* End PBXBuildFile section */

/* Begin PBXContainerItemProxy section */
		96183F84252C108200C163E7 /* PBXContainerItemProxy */ = {
			isa = PBXContainerItemProxy;
			containerPortal = 96183F62252C108000C163E7 /* Project object */;
			proxyType = 1;
			remoteGlobalIDString = 96183F69252C108000C163E7;
			remoteInfo = Fractionverter;
		};
		96183F8F252C108200C163E7 /* PBXContainerItemProxy */ = {
			isa = PBXContainerItemProxy;
			containerPortal = 96183F62252C108000C163E7 /* Project object */;
			proxyType = 1;
			remoteGlobalIDString = 96183F69252C108000C163E7;
			remoteInfo = Fractionverter;
		};
/* End PBXContainerItemProxy section */

/* Begin PBXFileReference section */
		0ACA1EC9E74AB2BB83D0494A /* Pods_FractionverterTests.framework */ = {isa = PBXFileReference; explicitFileType = wrapper.framework; includeInIndex = 0; path = Pods_FractionverterTests.framework; sourceTree = BUILT_PRODUCTS_DIR; };
		1288F5585034A2861AAD2782 /* Pods-Fractionverter-FractionverterUITests.release.xcconfig */ = {isa = PBXFileReference; includeInIndex = 1; lastKnownFileType = text.xcconfig; name = "Pods-Fractionverter-FractionverterUITests.release.xcconfig"; path = "Target Support Files/Pods-Fractionverter-FractionverterUITests/Pods-Fractionverter-FractionverterUITests.release.xcconfig"; sourceTree = "<group>"; };
		324918495E81812A405236CB /* Pods_Fractionverter.framework */ = {isa = PBXFileReference; explicitFileType = wrapper.framework; includeInIndex = 0; path = Pods_Fractionverter.framework; sourceTree = BUILT_PRODUCTS_DIR; };
		96183F6A252C108000C163E7 /* Fractionverter.app */ = {isa = PBXFileReference; explicitFileType = wrapper.application; includeInIndex = 0; path = Fractionverter.app; sourceTree = BUILT_PRODUCTS_DIR; };
		96183F6D252C108000C163E7 /* AppDelegate.swift */ = {isa = PBXFileReference; lastKnownFileType = sourcecode.swift; path = AppDelegate.swift; sourceTree = "<group>"; };
		96183F6F252C108000C163E7 /* SceneDelegate.swift */ = {isa = PBXFileReference; lastKnownFileType = sourcecode.swift; path = SceneDelegate.swift; sourceTree = "<group>"; };
		96183F71252C108000C163E7 /* ViewController.swift */ = {isa = PBXFileReference; lastKnownFileType = sourcecode.swift; path = ViewController.swift; sourceTree = "<group>"; };
		96183F74252C108000C163E7 /* Base */ = {isa = PBXFileReference; lastKnownFileType = file.storyboard; name = Base; path = Base.lproj/Main.storyboard; sourceTree = "<group>"; };
		96183F77252C108000C163E7 /* Fractionverter.xcdatamodel */ = {isa = PBXFileReference; lastKnownFileType = wrapper.xcdatamodel; path = Fractionverter.xcdatamodel; sourceTree = "<group>"; };
		96183F79252C108200C163E7 /* Assets.xcassets */ = {isa = PBXFileReference; lastKnownFileType = folder.assetcatalog; path = Assets.xcassets; sourceTree = "<group>"; };
		96183F7C252C108200C163E7 /* Base */ = {isa = PBXFileReference; lastKnownFileType = file.storyboard; name = Base; path = Base.lproj/LaunchScreen.storyboard; sourceTree = "<group>"; };
		96183F7E252C108200C163E7 /* Info.plist */ = {isa = PBXFileReference; lastKnownFileType = text.plist.xml; path = Info.plist; sourceTree = "<group>"; };
		96183F83252C108200C163E7 /* FractionverterTests.xctest */ = {isa = PBXFileReference; explicitFileType = wrapper.cfbundle; includeInIndex = 0; path = FractionverterTests.xctest; sourceTree = BUILT_PRODUCTS_DIR; };
		96183F87252C108200C163E7 /* FractionverterTests.swift */ = {isa = PBXFileReference; lastKnownFileType = sourcecode.swift; path = FractionverterTests.swift; sourceTree = "<group>"; };
		96183F89252C108200C163E7 /* Info.plist */ = {isa = PBXFileReference; lastKnownFileType = text.plist.xml; path = Info.plist; sourceTree = "<group>"; };
		96183F8E252C108200C163E7 /* FractionverterUITests.xctest */ = {isa = PBXFileReference; explicitFileType = wrapper.cfbundle; includeInIndex = 0; path = FractionverterUITests.xctest; sourceTree = BUILT_PRODUCTS_DIR; };
		96183F92252C108200C163E7 /* FractionverterUITests.swift */ = {isa = PBXFileReference; lastKnownFileType = sourcecode.swift; path = FractionverterUITests.swift; sourceTree = "<group>"; };
		96183F94252C108200C163E7 /* Info.plist */ = {isa = PBXFileReference; lastKnownFileType = text.plist.xml; path = Info.plist; sourceTree = "<group>"; };
		A678E2515F069E7BF83205FB /* Pods-FractionverterTests.debug.xcconfig */ = {isa = PBXFileReference; includeInIndex = 1; lastKnownFileType = text.xcconfig; name = "Pods-FractionverterTests.debug.xcconfig"; path = "Target Support Files/Pods-FractionverterTests/Pods-FractionverterTests.debug.xcconfig"; sourceTree = "<group>"; };
		A784469B16E5D40F027F7BD1 /* Pods-Fractionverter-FractionverterUITests.debug.xcconfig */ = {isa = PBXFileReference; includeInIndex = 1; lastKnownFileType = text.xcconfig; name = "Pods-Fractionverter-FractionverterUITests.debug.xcconfig"; path = "Target Support Files/Pods-Fractionverter-FractionverterUITests/Pods-Fractionverter-FractionverterUITests.debug.xcconfig"; sourceTree = "<group>"; };
		B954745A9D03BF3F2C770C2B /* Pods-Fractionverter.debug.xcconfig */ = {isa = PBXFileReference; includeInIndex = 1; lastKnownFileType = text.xcconfig; name = "Pods-Fractionverter.debug.xcconfig"; path = "Target Support Files/Pods-Fractionverter/Pods-Fractionverter.debug.xcconfig"; sourceTree = "<group>"; };
		C93F7DFCFD625FDE1842FC5F /* Pods-FractionverterTests.release.xcconfig */ = {isa = PBXFileReference; includeInIndex = 1; lastKnownFileType = text.xcconfig; name = "Pods-FractionverterTests.release.xcconfig"; path = "Target Support Files/Pods-FractionverterTests/Pods-FractionverterTests.release.xcconfig"; sourceTree = "<group>"; };
		D27F2AF00E9303605563AB12 /* Pods_Fractionverter_FractionverterUITests.framework */ = {isa = PBXFileReference; explicitFileType = wrapper.framework; includeInIndex = 0; path = Pods_Fractionverter_FractionverterUITests.framework; sourceTree = BUILT_PRODUCTS_DIR; };
		FE3C0304CE759DA45A72A313 /* Pods-Fractionverter.release.xcconfig */ = {isa = PBXFileReference; includeInIndex = 1; lastKnownFileType = text.xcconfig; name = "Pods-Fractionverter.release.xcconfig"; path = "Target Support Files/Pods-Fractionverter/Pods-Fractionverter.release.xcconfig"; sourceTree = "<group>"; };
/* End PBXFileReference section */

/* Begin PBXFrameworksBuildPhase section */
		96183F67252C108000C163E7 /* Frameworks */ = {
			isa = PBXFrameworksBuildPhase;
			buildActionMask = 2147483647;
			files = (
				D9F61BDE625C73EECA5552D9 /* Pods_Fractionverter.framework in Frameworks */,
			);
			runOnlyForDeploymentPostprocessing = 0;
		};
		96183F80252C108200C163E7 /* Frameworks */ = {
			isa = PBXFrameworksBuildPhase;
			buildActionMask = 2147483647;
			files = (
				73367CC7A066ABDF5E9E94CC /* Pods_FractionverterTests.framework in Frameworks */,
			);
			runOnlyForDeploymentPostprocessing = 0;
		};
		96183F8B252C108200C163E7 /* Frameworks */ = {
			isa = PBXFrameworksBuildPhase;
			buildActionMask = 2147483647;
			files = (
				529FAE97EACDB52A86614257 /* Pods_Fractionverter_FractionverterUITests.framework in Frameworks */,
			);
			runOnlyForDeploymentPostprocessing = 0;
		};
/* End PBXFrameworksBuildPhase section */

/* Begin PBXGroup section */
		15E5CD5217BA6C1600AC01C2 /* Frameworks */ = {
			isa = PBXGroup;
			children = (
				324918495E81812A405236CB /* Pods_Fractionverter.framework */,
				D27F2AF00E9303605563AB12 /* Pods_Fractionverter_FractionverterUITests.framework */,
				0ACA1EC9E74AB2BB83D0494A /* Pods_FractionverterTests.framework */,
			);
			name = Frameworks;
			sourceTree = "<group>";
		};
		2D0BE2784766388CD4D53024 /* Pods */ = {
			isa = PBXGroup;
			children = (
				B954745A9D03BF3F2C770C2B /* Pods-Fractionverter.debug.xcconfig */,
				FE3C0304CE759DA45A72A313 /* Pods-Fractionverter.release.xcconfig */,
				A784469B16E5D40F027F7BD1 /* Pods-Fractionverter-FractionverterUITests.debug.xcconfig */,
				1288F5585034A2861AAD2782 /* Pods-Fractionverter-FractionverterUITests.release.xcconfig */,
				A678E2515F069E7BF83205FB /* Pods-FractionverterTests.debug.xcconfig */,
				C93F7DFCFD625FDE1842FC5F /* Pods-FractionverterTests.release.xcconfig */,
			);
			path = Pods;
			sourceTree = "<group>";
		};
		96183F61252C108000C163E7 = {
			isa = PBXGroup;
			children = (
				96183F6C252C108000C163E7 /* Fractionverter */,
				96183F86252C108200C163E7 /* FractionverterTests */,
				96183F91252C108200C163E7 /* FractionverterUITests */,
				96183F6B252C108000C163E7 /* Products */,
				2D0BE2784766388CD4D53024 /* Pods */,
				15E5CD5217BA6C1600AC01C2 /* Frameworks */,
			);
			sourceTree = "<group>";
		};
		96183F6B252C108000C163E7 /* Products */ = {
			isa = PBXGroup;
			children = (
				96183F6A252C108000C163E7 /* Fractionverter.app */,
				96183F83252C108200C163E7 /* FractionverterTests.xctest */,
				96183F8E252C108200C163E7 /* FractionverterUITests.xctest */,
			);
			name = Products;
			sourceTree = "<group>";
		};
		96183F6C252C108000C163E7 /* Fractionverter */ = {
			isa = PBXGroup;
			children = (
				96183F6D252C108000C163E7 /* AppDelegate.swift */,
				96183F6F252C108000C163E7 /* SceneDelegate.swift */,
				96FEEAD72533DDEA00ACE936 /* Controller */,
				96FEEAD82533DDFE00ACE936 /* Model */,
				96FEEADC2533DE2A00ACE936 /* View */,
				96FEEAE72533E15900ACE936 /* Supporting Files */,
				96183F7E252C108200C163E7 /* Info.plist */,
			);
			path = Fractionverter;
			sourceTree = "<group>";
		};
		96183F86252C108200C163E7 /* FractionverterTests */ = {
			isa = PBXGroup;
			children = (
				96183F87252C108200C163E7 /* FractionverterTests.swift */,
				96183F89252C108200C163E7 /* Info.plist */,
			);
			path = FractionverterTests;
			sourceTree = "<group>";
		};
		96183F91252C108200C163E7 /* FractionverterUITests */ = {
			isa = PBXGroup;
			children = (
				96183F92252C108200C163E7 /* FractionverterUITests.swift */,
				96183F94252C108200C163E7 /* Info.plist */,
			);
			path = FractionverterUITests;
			sourceTree = "<group>";
		};
		96FEEAD72533DDEA00ACE936 /* Controller */ = {
			isa = PBXGroup;
			children = (
				96183F71252C108000C163E7 /* ViewController.swift */,
			);
			path = Controller;
			sourceTree = "<group>";
		};
		96FEEAD82533DDFE00ACE936 /* Model */ = {
			isa = PBXGroup;
			children = (
				96183F76252C108000C163E7 /* Fractionverter.xcdatamodeld */,
			);
			path = Model;
			sourceTree = "<group>";
		};
		96FEEADC2533DE2A00ACE936 /* View */ = {
			isa = PBXGroup;
			children = (
				96183F73252C108000C163E7 /* Main.storyboard */,
			);
			path = View;
			sourceTree = "<group>";
		};
		96FEEAE72533E15900ACE936 /* Supporting Files */ = {
			isa = PBXGroup;
			children = (
				96183F7B252C108200C163E7 /* LaunchScreen.storyboard */,
				96183F79252C108200C163E7 /* Assets.xcassets */,
			);
			path = "Supporting Files";
			sourceTree = "<group>";
		};
/* End PBXGroup section */

/* Begin PBXNativeTarget section */
		96183F69252C108000C163E7 /* Fractionverter */ = {
			isa = PBXNativeTarget;
			buildConfigurationList = 96183F97252C108200C163E7 /* Build configuration list for PBXNativeTarget "Fractionverter" */;
			buildPhases = (
				540F4B240E5A894B6A59FCAD /* [CP] Check Pods Manifest.lock */,
				96183F66252C108000C163E7 /* Sources */,
				96183F67252C108000C163E7 /* Frameworks */,
				96183F68252C108000C163E7 /* Resources */,
				B17321070A474CE1839994C0 /* [CP] Embed Pods Frameworks */,
			);
			buildRules = (
			);
			dependencies = (
			);
			name = Fractionverter;
			productName = Fractionverter;
			productReference = 96183F6A252C108000C163E7 /* Fractionverter.app */;
			productType = "com.apple.product-type.application";
		};
		96183F82252C108200C163E7 /* FractionverterTests */ = {
			isa = PBXNativeTarget;
			buildConfigurationList = 96183F9A252C108200C163E7 /* Build configuration list for PBXNativeTarget "FractionverterTests" */;
			buildPhases = (
				1CB8ED35727C621ADA771299 /* [CP] Check Pods Manifest.lock */,
				96183F7F252C108200C163E7 /* Sources */,
				96183F80252C108200C163E7 /* Frameworks */,
				96183F81252C108200C163E7 /* Resources */,
			);
			buildRules = (
			);
			dependencies = (
				96183F85252C108200C163E7 /* PBXTargetDependency */,
			);
			name = FractionverterTests;
			productName = FractionverterTests;
			productReference = 96183F83252C108200C163E7 /* FractionverterTests.xctest */;
			productType = "com.apple.product-type.bundle.unit-test";
		};
		96183F8D252C108200C163E7 /* FractionverterUITests */ = {
			isa = PBXNativeTarget;
			buildConfigurationList = 96183F9D252C108200C163E7 /* Build configuration list for PBXNativeTarget "FractionverterUITests" */;
			buildPhases = (
				217A435DA131860097538B7C /* [CP] Check Pods Manifest.lock */,
				96183F8A252C108200C163E7 /* Sources */,
				96183F8B252C108200C163E7 /* Frameworks */,
				96183F8C252C108200C163E7 /* Resources */,
				8C96E4DFF30F6E3FEC09BF97 /* [CP] Embed Pods Frameworks */,
			);
			buildRules = (
			);
			dependencies = (
				96183F90252C108200C163E7 /* PBXTargetDependency */,
			);
			name = FractionverterUITests;
			productName = FractionverterUITests;
			productReference = 96183F8E252C108200C163E7 /* FractionverterUITests.xctest */;
			productType = "com.apple.product-type.bundle.ui-testing";
		};
/* End PBXNativeTarget section */

/* Begin PBXProject section */
		96183F62252C108000C163E7 /* Project object */ = {
			isa = PBXProject;
			attributes = {
				LastSwiftUpdateCheck = 1200;
				LastUpgradeCheck = 1200;
				TargetAttributes = {
					96183F69252C108000C163E7 = {
						CreatedOnToolsVersion = 12.0;
					};
					96183F82252C108200C163E7 = {
						CreatedOnToolsVersion = 12.0;
						TestTargetID = 96183F69252C108000C163E7;
					};
					96183F8D252C108200C163E7 = {
						CreatedOnToolsVersion = 12.0;
						TestTargetID = 96183F69252C108000C163E7;
					};
				};
			};
			buildConfigurationList = 96183F65252C108000C163E7 /* Build configuration list for PBXProject "Fractionverter" */;
			compatibilityVersion = "Xcode 9.3";
			developmentRegion = en;
			hasScannedForEncodings = 0;
			knownRegions = (
				en,
				Base,
			);
			mainGroup = 96183F61252C108000C163E7;
			productRefGroup = 96183F6B252C108000C163E7 /* Products */;
			projectDirPath = "";
			projectRoot = "";
			targets = (
				96183F69252C108000C163E7 /* Fractionverter */,
				96183F82252C108200C163E7 /* FractionverterTests */,
				96183F8D252C108200C163E7 /* FractionverterUITests */,
			);
		};
/* End PBXProject section */

/* Begin PBXResourcesBuildPhase section */
		96183F68252C108000C163E7 /* Resources */ = {
			isa = PBXResourcesBuildPhase;
			buildActionMask = 2147483647;
			files = (
				96183F7D252C108200C163E7 /* LaunchScreen.storyboard in Resources */,
				96183F7A252C108200C163E7 /* Assets.xcassets in Resources */,
				96183F75252C108000C163E7 /* Main.storyboard in Resources */,
			);
			runOnlyForDeploymentPostprocessing = 0;
		};
		96183F81252C108200C163E7 /* Resources */ = {
			isa = PBXResourcesBuildPhase;
			buildActionMask = 2147483647;
			files = (
			);
			runOnlyForDeploymentPostprocessing = 0;
		};
		96183F8C252C108200C163E7 /* Resources */ = {
			isa = PBXResourcesBuildPhase;
			buildActionMask = 2147483647;
			files = (
			);
			runOnlyForDeploymentPostprocessing = 0;
		};
/* End PBXResourcesBuildPhase section */

/* Begin PBXShellScriptBuildPhase section */
		1CB8ED35727C621ADA771299 /* [CP] Check Pods Manifest.lock */ = {
			isa = PBXShellScriptBuildPhase;
			buildActionMask = 2147483647;
			files = (
			);
			inputFileListPaths = (
			);
			inputPaths = (
				"${PODS_PODFILE_DIR_PATH}/Podfile.lock",
				"${PODS_ROOT}/Manifest.lock",
			);
			name = "[CP] Check Pods Manifest.lock";
			outputFileListPaths = (
			);
			outputPaths = (
				"$(DERIVED_FILE_DIR)/Pods-FractionverterTests-checkManifestLockResult.txt",
			);
			runOnlyForDeploymentPostprocessing = 0;
			shellPath = /bin/sh;
			shellScript = "diff \"${PODS_PODFILE_DIR_PATH}/Podfile.lock\" \"${PODS_ROOT}/Manifest.lock\" > /dev/null\nif [ $? != 0 ] ; then\n    # print error to STDERR\n    echo \"error: The sandbox is not in sync with the Podfile.lock. Run 'pod install' or update your CocoaPods installation.\" >&2\n    exit 1\nfi\n# This output is used by Xcode 'outputs' to avoid re-running this script phase.\necho \"SUCCESS\" > \"${SCRIPT_OUTPUT_FILE_0}\"\n";
			showEnvVarsInLog = 0;
		};
		217A435DA131860097538B7C /* [CP] Check Pods Manifest.lock */ = {
			isa = PBXShellScriptBuildPhase;
			buildActionMask = 2147483647;
			files = (
			);
			inputFileListPaths = (
			);
			inputPaths = (
				"${PODS_PODFILE_DIR_PATH}/Podfile.lock",
				"${PODS_ROOT}/Manifest.lock",
			);
			name = "[CP] Check Pods Manifest.lock";
			outputFileListPaths = (
			);
			outputPaths = (
				"$(DERIVED_FILE_DIR)/Pods-Fractionverter-FractionverterUITests-checkManifestLockResult.txt",
			);
			runOnlyForDeploymentPostprocessing = 0;
			shellPath = /bin/sh;
			shellScript = "diff \"${PODS_PODFILE_DIR_PATH}/Podfile.lock\" \"${PODS_ROOT}/Manifest.lock\" > /dev/null\nif [ $? != 0 ] ; then\n    # print error to STDERR\n    echo \"error: The sandbox is not in sync with the Podfile.lock. Run 'pod install' or update your CocoaPods installation.\" >&2\n    exit 1\nfi\n# This output is used by Xcode 'outputs' to avoid re-running this script phase.\necho \"SUCCESS\" > \"${SCRIPT_OUTPUT_FILE_0}\"\n";
			showEnvVarsInLog = 0;
		};
		540F4B240E5A894B6A59FCAD /* [CP] Check Pods Manifest.lock */ = {
			isa = PBXShellScriptBuildPhase;
			buildActionMask = 2147483647;
			files = (
			);
			inputFileListPaths = (
			);
			inputPaths = (
				"${PODS_PODFILE_DIR_PATH}/Podfile.lock",
				"${PODS_ROOT}/Manifest.lock",
			);
			name = "[CP] Check Pods Manifest.lock";
			outputFileListPaths = (
			);
			outputPaths = (
				"$(DERIVED_FILE_DIR)/Pods-Fractionverter-checkManifestLockResult.txt",
			);
			runOnlyForDeploymentPostprocessing = 0;
			shellPath = /bin/sh;
			shellScript = "diff \"${PODS_PODFILE_DIR_PATH}/Podfile.lock\" \"${PODS_ROOT}/Manifest.lock\" > /dev/null\nif [ $? != 0 ] ; then\n    # print error to STDERR\n    echo \"error: The sandbox is not in sync with the Podfile.lock. Run 'pod install' or update your CocoaPods installation.\" >&2\n    exit 1\nfi\n# This output is used by Xcode 'outputs' to avoid re-running this script phase.\necho \"SUCCESS\" > \"${SCRIPT_OUTPUT_FILE_0}\"\n";
			showEnvVarsInLog = 0;
		};
		8C96E4DFF30F6E3FEC09BF97 /* [CP] Embed Pods Frameworks */ = {
			isa = PBXShellScriptBuildPhase;
			buildActionMask = 2147483647;
			files = (
			);
			inputFileListPaths = (
				"${PODS_ROOT}/Target Support Files/Pods-Fractionverter-FractionverterUITests/Pods-Fractionverter-FractionverterUITests-frameworks-${CONFIGURATION}-input-files.xcfilelist",
			);
			name = "[CP] Embed Pods Frameworks";
			outputFileListPaths = (
				"${PODS_ROOT}/Target Support Files/Pods-Fractionverter-FractionverterUITests/Pods-Fractionverter-FractionverterUITests-frameworks-${CONFIGURATION}-output-files.xcfilelist",
			);
			runOnlyForDeploymentPostprocessing = 0;
			shellPath = /bin/sh;
			shellScript = "\"${PODS_ROOT}/Target Support Files/Pods-Fractionverter-FractionverterUITests/Pods-Fractionverter-FractionverterUITests-frameworks.sh\"\n";
			showEnvVarsInLog = 0;
		};
		B17321070A474CE1839994C0 /* [CP] Embed Pods Frameworks */ = {
			isa = PBXShellScriptBuildPhase;
			buildActionMask = 2147483647;
			files = (
			);
			inputFileListPaths = (
				"${PODS_ROOT}/Target Support Files/Pods-Fractionverter/Pods-Fractionverter-frameworks-${CONFIGURATION}-input-files.xcfilelist",
			);
			name = "[CP] Embed Pods Frameworks";
			outputFileListPaths = (
				"${PODS_ROOT}/Target Support Files/Pods-Fractionverter/Pods-Fractionverter-frameworks-${CONFIGURATION}-output-files.xcfilelist",
			);
			runOnlyForDeploymentPostprocessing = 0;
			shellPath = /bin/sh;
			shellScript = "\"${PODS_ROOT}/Target Support Files/Pods-Fractionverter/Pods-Fractionverter-frameworks.sh\"\n";
			showEnvVarsInLog = 0;
		};
/* End PBXShellScriptBuildPhase section */

/* Begin PBXSourcesBuildPhase section */
		96183F66252C108000C163E7 /* Sources */ = {
			isa = PBXSourcesBuildPhase;
			buildActionMask = 2147483647;
			files = (
				96183F72252C108000C163E7 /* ViewController.swift in Sources */,
				96183F78252C108000C163E7 /* Fractionverter.xcdatamodeld in Sources */,
				96183F6E252C108000C163E7 /* AppDelegate.swift in Sources */,
				96183F70252C108000C163E7 /* SceneDelegate.swift in Sources */,
			);
			runOnlyForDeploymentPostprocessing = 0;
		};
		96183F7F252C108200C163E7 /* Sources */ = {
			isa = PBXSourcesBuildPhase;
			buildActionMask = 2147483647;
			files = (
				96183F88252C108200C163E7 /* FractionverterTests.swift in Sources */,
			);
			runOnlyForDeploymentPostprocessing = 0;
		};
		96183F8A252C108200C163E7 /* Sources */ = {
			isa = PBXSourcesBuildPhase;
			buildActionMask = 2147483647;
			files = (
				96183F93252C108200C163E7 /* FractionverterUITests.swift in Sources */,
			);
			runOnlyForDeploymentPostprocessing = 0;
		};
/* End PBXSourcesBuildPhase section */

/* Begin PBXTargetDependency section */
		96183F85252C108200C163E7 /* PBXTargetDependency */ = {
			isa = PBXTargetDependency;
			target = 96183F69252C108000C163E7 /* Fractionverter */;
			targetProxy = 96183F84252C108200C163E7 /* PBXContainerItemProxy */;
		};
		96183F90252C108200C163E7 /* PBXTargetDependency */ = {
			isa = PBXTargetDependency;
			target = 96183F69252C108000C163E7 /* Fractionverter */;
			targetProxy = 96183F8F252C108200C163E7 /* PBXContainerItemProxy */;
		};
/* End PBXTargetDependency section */

/* Begin PBXVariantGroup section */
		96183F73252C108000C163E7 /* Main.storyboard */ = {
			isa = PBXVariantGroup;
			children = (
				96183F74252C108000C163E7 /* Base */,
			);
			name = Main.storyboard;
			sourceTree = "<group>";
		};
		96183F7B252C108200C163E7 /* LaunchScreen.storyboard */ = {
			isa = PBXVariantGroup;
			children = (
				96183F7C252C108200C163E7 /* Base */,
			);
			name = LaunchScreen.storyboard;
			sourceTree = "<group>";
		};
/* End PBXVariantGroup section */

/* Begin XCBuildConfiguration section */
		96183F95252C108200C163E7 /* Debug */ = {
			isa = XCBuildConfiguration;
			buildSettings = {
				ALWAYS_SEARCH_USER_PATHS = NO;
				CLANG_ANALYZER_NONNULL = YES;
				CLANG_ANALYZER_NUMBER_OBJECT_CONVERSION = YES_AGGRESSIVE;
				CLANG_CXX_LANGUAGE_STANDARD = "gnu++14";
				CLANG_CXX_LIBRARY = "libc++";
				CLANG_ENABLE_MODULES = YES;
				CLANG_ENABLE_OBJC_ARC = YES;
				CLANG_ENABLE_OBJC_WEAK = YES;
				CLANG_WARN_BLOCK_CAPTURE_AUTORELEASING = YES;
				CLANG_WARN_BOOL_CONVERSION = YES;
				CLANG_WARN_COMMA = YES;
				CLANG_WARN_CONSTANT_CONVERSION = YES;
				CLANG_WARN_DEPRECATED_OBJC_IMPLEMENTATIONS = YES;
				CLANG_WARN_DIRECT_OBJC_ISA_USAGE = YES_ERROR;
				CLANG_WARN_DOCUMENTATION_COMMENTS = YES;
				CLANG_WARN_EMPTY_BODY = YES;
				CLANG_WARN_ENUM_CONVERSION = YES;
				CLANG_WARN_INFINITE_RECURSION = YES;
				CLANG_WARN_INT_CONVERSION = YES;
				CLANG_WARN_NON_LITERAL_NULL_CONVERSION = YES;
				CLANG_WARN_OBJC_IMPLICIT_RETAIN_SELF = YES;
				CLANG_WARN_OBJC_LITERAL_CONVERSION = YES;
				CLANG_WARN_OBJC_ROOT_CLASS = YES_ERROR;
				CLANG_WARN_QUOTED_INCLUDE_IN_FRAMEWORK_HEADER = YES;
				CLANG_WARN_RANGE_LOOP_ANALYSIS = YES;
				CLANG_WARN_STRICT_PROTOTYPES = YES;
				CLANG_WARN_SUSPICIOUS_MOVE = YES;
				CLANG_WARN_UNGUARDED_AVAILABILITY = YES_AGGRESSIVE;
				CLANG_WARN_UNREACHABLE_CODE = YES;
				CLANG_WARN__DUPLICATE_METHOD_MATCH = YES;
				COPY_PHASE_STRIP = NO;
				DEBUG_INFORMATION_FORMAT = dwarf;
				ENABLE_STRICT_OBJC_MSGSEND = YES;
				ENABLE_TESTABILITY = YES;
				GCC_C_LANGUAGE_STANDARD = gnu11;
				GCC_DYNAMIC_NO_PIC = NO;
				GCC_NO_COMMON_BLOCKS = YES;
				GCC_OPTIMIZATION_LEVEL = 0;
				GCC_PREPROCESSOR_DEFINITIONS = (
					"DEBUG=1",
					"$(inherited)",
				);
				GCC_WARN_64_TO_32_BIT_CONVERSION = YES;
				GCC_WARN_ABOUT_RETURN_TYPE = YES_ERROR;
				GCC_WARN_UNDECLARED_SELECTOR = YES;
				GCC_WARN_UNINITIALIZED_AUTOS = YES_AGGRESSIVE;
				GCC_WARN_UNUSED_FUNCTION = YES;
				GCC_WARN_UNUSED_VARIABLE = YES;
				IPHONEOS_DEPLOYMENT_TARGET = 14.2;
				MTL_ENABLE_DEBUG_INFO = INCLUDE_SOURCE;
				MTL_FAST_MATH = YES;
				ONLY_ACTIVE_ARCH = YES;
				SDKROOT = iphoneos;
				SWIFT_ACTIVE_COMPILATION_CONDITIONS = DEBUG;
				SWIFT_OPTIMIZATION_LEVEL = "-Onone";
			};
			name = Debug;
		};
		96183F96252C108200C163E7 /* Release */ = {
			isa = XCBuildConfiguration;
			buildSettings = {
				ALWAYS_SEARCH_USER_PATHS = NO;
				CLANG_ANALYZER_NONNULL = YES;
				CLANG_ANALYZER_NUMBER_OBJECT_CONVERSION = YES_AGGRESSIVE;
				CLANG_CXX_LANGUAGE_STANDARD = "gnu++14";
				CLANG_CXX_LIBRARY = "libc++";
				CLANG_ENABLE_MODULES = YES;
				CLANG_ENABLE_OBJC_ARC = YES;
				CLANG_ENABLE_OBJC_WEAK = YES;
				CLANG_WARN_BLOCK_CAPTURE_AUTORELEASING = YES;
				CLANG_WARN_BOOL_CONVERSION = YES;
				CLANG_WARN_COMMA = YES;
				CLANG_WARN_CONSTANT_CONVERSION = YES;
				CLANG_WARN_DEPRECATED_OBJC_IMPLEMENTATIONS = YES;
				CLANG_WARN_DIRECT_OBJC_ISA_USAGE = YES_ERROR;
				CLANG_WARN_DOCUMENTATION_COMMENTS = YES;
				CLANG_WARN_EMPTY_BODY = YES;
				CLANG_WARN_ENUM_CONVERSION = YES;
				CLANG_WARN_INFINITE_RECURSION = YES;
				CLANG_WARN_INT_CONVERSION = YES;
				CLANG_WARN_NON_LITERAL_NULL_CONVERSION = YES;
				CLANG_WARN_OBJC_IMPLICIT_RETAIN_SELF = YES;
				CLANG_WARN_OBJC_LITERAL_CONVERSION = YES;
				CLANG_WARN_OBJC_ROOT_CLASS = YES_ERROR;
				CLANG_WARN_QUOTED_INCLUDE_IN_FRAMEWORK_HEADER = YES;
				CLANG_WARN_RANGE_LOOP_ANALYSIS = YES;
				CLANG_WARN_STRICT_PROTOTYPES = YES;
				CLANG_WARN_SUSPICIOUS_MOVE = YES;
				CLANG_WARN_UNGUARDED_AVAILABILITY = YES_AGGRESSIVE;
				CLANG_WARN_UNREACHABLE_CODE = YES;
				CLANG_WARN__DUPLICATE_METHOD_MATCH = YES;
				COPY_PHASE_STRIP = NO;
				DEBUG_INFORMATION_FORMAT = "dwarf-with-dsym";
				ENABLE_NS_ASSERTIONS = NO;
				ENABLE_STRICT_OBJC_MSGSEND = YES;
				GCC_C_LANGUAGE_STANDARD = gnu11;
				GCC_NO_COMMON_BLOCKS = YES;
				GCC_WARN_64_TO_32_BIT_CONVERSION = YES;
				GCC_WARN_ABOUT_RETURN_TYPE = YES_ERROR;
				GCC_WARN_UNDECLARED_SELECTOR = YES;
				GCC_WARN_UNINITIALIZED_AUTOS = YES_AGGRESSIVE;
				GCC_WARN_UNUSED_FUNCTION = YES;
				GCC_WARN_UNUSED_VARIABLE = YES;
				IPHONEOS_DEPLOYMENT_TARGET = 14.2;
				MTL_ENABLE_DEBUG_INFO = NO;
				MTL_FAST_MATH = YES;
				SDKROOT = iphoneos;
				SWIFT_COMPILATION_MODE = wholemodule;
				SWIFT_OPTIMIZATION_LEVEL = "-O";
				VALIDATE_PRODUCT = YES;
			};
			name = Release;
		};
		96183F98252C108200C163E7 /* Debug */ = {
			isa = XCBuildConfiguration;
			baseConfigurationReference = B954745A9D03BF3F2C770C2B /* Pods-Fractionverter.debug.xcconfig */;
			buildSettings = {
				ASSETCATALOG_COMPILER_APPICON_NAME = AppIcon;
				ASSETCATALOG_COMPILER_GLOBAL_ACCENT_COLOR_NAME = AccentColor;
				CODE_SIGN_STYLE = Automatic;
				DEVELOPMENT_TEAM = 8L6MPRS3TL;
				INFOPLIST_FILE = Fractionverter/Info.plist;
				LD_RUNPATH_SEARCH_PATHS = (
					"$(inherited)",
					"@executable_path/Frameworks",
				);
				PRODUCT_BUNDLE_IDENTIFIER = com.selmanbirinci.Fractionverter;
				PRODUCT_NAME = "$(TARGET_NAME)";
				SWIFT_VERSION = 5.0;
				TARGETED_DEVICE_FAMILY = "1,2";
			};
			name = Debug;
		};
		96183F99252C108200C163E7 /* Release */ = {
			isa = XCBuildConfiguration;
			baseConfigurationReference = FE3C0304CE759DA45A72A313 /* Pods-Fractionverter.release.xcconfig */;
			buildSettings = {
				ASSETCATALOG_COMPILER_APPICON_NAME = AppIcon;
				ASSETCATALOG_COMPILER_GLOBAL_ACCENT_COLOR_NAME = AccentColor;
				CODE_SIGN_STYLE = Automatic;
				DEVELOPMENT_TEAM = 8L6MPRS3TL;
				INFOPLIST_FILE = Fractionverter/Info.plist;
				LD_RUNPATH_SEARCH_PATHS = (
					"$(inherited)",
					"@executable_path/Frameworks",
				);
				PRODUCT_BUNDLE_IDENTIFIER = com.selmanbirinci.Fractionverter;
				PRODUCT_NAME = "$(TARGET_NAME)";
				SWIFT_VERSION = 5.0;
				TARGETED_DEVICE_FAMILY = "1,2";
			};
			name = Release;
		};
		96183F9B252C108200C163E7 /* Debug */ = {
			isa = XCBuildConfiguration;
			baseConfigurationReference = A678E2515F069E7BF83205FB /* Pods-FractionverterTests.debug.xcconfig */;
			buildSettings = {
				ALWAYS_EMBED_SWIFT_STANDARD_LIBRARIES = YES;
				BUNDLE_LOADER = "$(TEST_HOST)";
				CODE_SIGN_STYLE = Automatic;
				DEVELOPMENT_TEAM = 8L6MPRS3TL;
				INFOPLIST_FILE = FractionverterTests/Info.plist;
				IPHONEOS_DEPLOYMENT_TARGET = 14.0;
				LD_RUNPATH_SEARCH_PATHS = (
					"$(inherited)",
					"@executable_path/Frameworks",
					"@loader_path/Frameworks",
				);
				PRODUCT_BUNDLE_IDENTIFIER = com.selmanbirinci.FractionverterTests;
				PRODUCT_NAME = "$(TARGET_NAME)";
				SWIFT_VERSION = 5.0;
				TARGETED_DEVICE_FAMILY = "1,2";
				TEST_HOST = "$(BUILT_PRODUCTS_DIR)/Fractionverter.app/Fractionverter";
			};
			name = Debug;
		};
		96183F9C252C108200C163E7 /* Release */ = {
			isa = XCBuildConfiguration;
			baseConfigurationReference = C93F7DFCFD625FDE1842FC5F /* Pods-FractionverterTests.release.xcconfig */;
			buildSettings = {
				ALWAYS_EMBED_SWIFT_STANDARD_LIBRARIES = YES;
				BUNDLE_LOADER = "$(TEST_HOST)";
				CODE_SIGN_STYLE = Automatic;
				DEVELOPMENT_TEAM = 8L6MPRS3TL;
				INFOPLIST_FILE = FractionverterTests/Info.plist;
				IPHONEOS_DEPLOYMENT_TARGET = 14.0;
				LD_RUNPATH_SEARCH_PATHS = (
					"$(inherited)",
					"@executable_path/Frameworks",
					"@loader_path/Frameworks",
				);
				PRODUCT_BUNDLE_IDENTIFIER = com.selmanbirinci.FractionverterTests;
				PRODUCT_NAME = "$(TARGET_NAME)";
				SWIFT_VERSION = 5.0;
				TARGETED_DEVICE_FAMILY = "1,2";
				TEST_HOST = "$(BUILT_PRODUCTS_DIR)/Fractionverter.app/Fractionverter";
			};
			name = Release;
		};
		96183F9E252C108200C163E7 /* Debug */ = {
			isa = XCBuildConfiguration;
			baseConfigurationReference = A784469B16E5D40F027F7BD1 /* Pods-Fractionverter-FractionverterUITests.debug.xcconfig */;
			buildSettings = {
				ALWAYS_EMBED_SWIFT_STANDARD_LIBRARIES = YES;
				CODE_SIGN_STYLE = Automatic;
				DEVELOPMENT_TEAM = 8L6MPRS3TL;
				INFOPLIST_FILE = FractionverterUITests/Info.plist;
				LD_RUNPATH_SEARCH_PATHS = (
					"$(inherited)",
					"@executable_path/Frameworks",
					"@loader_path/Frameworks",
				);
				PRODUCT_BUNDLE_IDENTIFIER = com.selmanbirinci.FractionverterUITests;
				PRODUCT_NAME = "$(TARGET_NAME)";
				SWIFT_VERSION = 5.0;
				TARGETED_DEVICE_FAMILY = "1,2";
				TEST_TARGET_NAME = Fractionverter;
			};
			name = Debug;
		};
		96183F9F252C108200C163E7 /* Release */ = {
			isa = XCBuildConfiguration;
			baseConfigurationReference = 1288F5585034A2861AAD2782 /* Pods-Fractionverter-FractionverterUITests.release.xcconfig */;
			buildSettings = {
				ALWAYS_EMBED_SWIFT_STANDARD_LIBRARIES = YES;
				CODE_SIGN_STYLE = Automatic;
				DEVELOPMENT_TEAM = 8L6MPRS3TL;
				INFOPLIST_FILE = FractionverterUITests/Info.plist;
				LD_RUNPATH_SEARCH_PATHS = (
					"$(inherited)",
					"@executable_path/Frameworks",
					"@loader_path/Frameworks",
				);
				PRODUCT_BUNDLE_IDENTIFIER = com.selmanbirinci.FractionverterUITests;
				PRODUCT_NAME = "$(TARGET_NAME)";
				SWIFT_VERSION = 5.0;
				TARGETED_DEVICE_FAMILY = "1,2";
				TEST_TARGET_NAME = Fractionverter;
			};
			name = Release;
		};
/* End XCBuildConfiguration section */

/* Begin XCConfigurationList section */
		96183F65252C108000C163E7 /* Build configuration list for PBXProject "Fractionverter" */ = {
			isa = XCConfigurationList;
			buildConfigurations = (
				96183F95252C108200C163E7 /* Debug */,
				96183F96252C108200C163E7 /* Release */,
			);
			defaultConfigurationIsVisible = 0;
			defaultConfigurationName = Release;
		};
		96183F97252C108200C163E7 /* Build configuration list for PBXNativeTarget "Fractionverter" */ = {
			isa = XCConfigurationList;
			buildConfigurations = (
				96183F98252C108200C163E7 /* Debug */,
				96183F99252C108200C163E7 /* Release */,
			);
			defaultConfigurationIsVisible = 0;
			defaultConfigurationName = Release;
		};
		96183F9A252C108200C163E7 /* Build configuration list for PBXNativeTarget "FractionverterTests" */ = {
			isa = XCConfigurationList;
			buildConfigurations = (
				96183F9B252C108200C163E7 /* Debug */,
				96183F9C252C108200C163E7 /* Release */,
			);
			defaultConfigurationIsVisible = 0;
			defaultConfigurationName = Release;
		};
		96183F9D252C108200C163E7 /* Build configuration list for PBXNativeTarget "FractionverterUITests" */ = {
			isa = XCConfigurationList;
			buildConfigurations = (
				96183F9E252C108200C163E7 /* Debug */,
				96183F9F252C108200C163E7 /* Release */,
			);
			defaultConfigurationIsVisible = 0;
			defaultConfigurationName = Release;
		};
/* End XCConfigurationList section */

/* Begin XCVersionGroup section */
		96183F76252C108000C163E7 /* Fractionverter.xcdatamodeld */ = {
			isa = XCVersionGroup;
			children = (
				96183F77252C108000C163E7 /* Fractionverter.xcdatamodel */,
			);
			currentVersion = 96183F77252C108000C163E7 /* Fractionverter.xcdatamodel */;
			path = Fractionverter.xcdatamodeld;
			sourceTree = "<group>";
			versionGroupType = wrapper.xcdatamodel;
		};
/* End XCVersionGroup section */
	};
	rootObject = 96183F62252C108000C163E7 /* Project object */;
}
